
Microsoft Visual Studio Solution File, Format Version 12.00
# Visual Studio Version 16
VisualStudioVersion = 25.0.1700.6
MinimumVisualStudioVersion = 10.0.40219.1
Project("{FAE04EC0-301F-11D3-BF4B-00C04F79EFBC}") = "InputMethodKit", "InputMethodKit.csproj", "{65859309-892B-44BE-9819-80663FD4AF41}"
EndProject
Global
	GlobalSection(SolutionConfigurationPlatforms) = preSolution
		Debug|Any CPU = Debug|Any CPU
		Release|Any CPU = Release|Any CPU
	EndGlobalSection
	GlobalSection(ProjectConfigurationPlatforms) = postSolution
		{65859309-892B-44BE-9819-80663FD4AF41}.Debug|Any CPU.ActiveCfg = Debug|Any CPU
		{65859309-892B-44BE-9819-80663FD4AF41}.Debug|Any CPU.Build.0 = Debug|Any CPU
		{65859309-892B-44BE-9819-80663FD4AF41}.Release|Any CPU.ActiveCfg = Release|Any CPU
		{65859309-892B-44BE-9819-80663FD4AF41}.Release|Any CPU.Build.0 = Release|Any CPU
	EndGlobalSection
	GlobalSection(SolutionProperties) = preSolution
		HideSolutionNode = FALSE
	EndGlobalSection
	GlobalSection(ExtensibilityGlobals) = postSolution
		SolutionGuid = {9E787D88-FC1E-40B6-B22B-F898E57D9338}
	EndGlobalSection
EndGlobal
