
Microsoft Visual Studio Solution File, Format Version 12.00
# Visual Studio Version 16
VisualStudioVersion = 25.0.1706.9
MinimumVisualStudioVersion = 10.0.40219.1
Project("{FAE04EC0-301F-11D3-BF4B-00C04F79EFBC}") = "InputMethodKitBinding", "InputMethodKitBinding\InputMethodKitBinding.csproj", "{FBDF45D4-C94B-4656-AD85-5C5215BFABBB}"
EndProject
Global
	GlobalSection(SolutionConfigurationPlatforms) = preSolution
		Debug|Any CPU = Debug|Any CPU
		Release|Any CPU = Release|Any CPU
	EndGlobalSection
	GlobalSection(ProjectConfigurationPlatforms) = postSolution
		{FBDF45D4-C94B-4656-AD85-5C5215BFABBB}.Debug|Any CPU.ActiveCfg = Debug|Any CPU
		{FBDF45D4-C94B-4656-AD85-5C5215BFABBB}.Debug|Any CPU.Build.0 = Debug|Any CPU
		{FBDF45D4-C94B-4656-AD85-5C5215BFABBB}.Release|Any CPU.ActiveCfg = Release|Any CPU
		{FBDF45D4-C94B-4656-AD85-5C5215BFABBB}.Release|Any CPU.Build.0 = Release|Any CPU
	EndGlobalSection
	GlobalSection(SolutionProperties) = preSolution
		HideSolutionNode = FALSE
	EndGlobalSection
	GlobalSection(ExtensibilityGlobals) = postSolution
		SolutionGuid = {97F679CB-857F-4FCE-9B6C-C20F24165F99}
	EndGlobalSection
EndGlobal
